// !$*UTF8*$!
{
	archiveVersion = 1;
	classes = {
	};
	objectVersion = 56;
	objects = {

/* Begin PBXBuildFile section */
		3F3C3CE4299BCF2600A9ADC2 /* PipelinesView.swift in Sources */ = {isa = PBXBuildFile; fileRef = 3F3C3CD8299BCF2600A9ADC2 /* PipelinesView.swift */; };
		3F3C3CE5299BCF2600A9ADC2 /* PipelineView.swift in Sources */ = {isa = PBXBuildFile; fileRef = 3F3C3CD9299BCF2600A9ADC2 /* PipelineView.swift */; };
		3F3C3CE6299BCF2600A9ADC2 /* WorkflowJobView.swift in Sources */ = {isa = PBXBuildFile; fileRef = 3F3C3CDA299BCF2600A9ADC2 /* WorkflowJobView.swift */; };
		3F3C3CE7299BCF2600A9ADC2 /* WorkflowView.swift in Sources */ = {isa = PBXBuildFile; fileRef = 3F3C3CDB299BCF2600A9ADC2 /* WorkflowView.swift */; };
		3F3C3CE8299BCF2600A9ADC2 /* CircleCI_MonitorApp.swift in Sources */ = {isa = PBXBuildFile; fileRef = 3F3C3CDC299BCF2600A9ADC2 /* CircleCI_MonitorApp.swift */; };
		3F3C3CE9299BCF2600A9ADC2 /* Pipelines.swift in Sources */ = {isa = PBXBuildFile; fileRef = 3F3C3CDE299BCF2600A9ADC2 /* Pipelines.swift */; };
		3F3C3CEA299BCF2600A9ADC2 /* WorkflowJobs.swift in Sources */ = {isa = PBXBuildFile; fileRef = 3F3C3CDF299BCF2600A9ADC2 /* WorkflowJobs.swift */; };
		3F3C3CEB299BCF2600A9ADC2 /* API.swift in Sources */ = {isa = PBXBuildFile; fileRef = 3F3C3CE0299BCF2600A9ADC2 /* API.swift */; };
		3F3C3CEC299BCF2600A9ADC2 /* Workflows.swift in Sources */ = {isa = PBXBuildFile; fileRef = 3F3C3CE1299BCF2600A9ADC2 /* Workflows.swift */; };
		3F3C3CED299BCF2600A9ADC2 /* Assets.xcassets in Resources */ = {isa = PBXBuildFile; fileRef = 3F3C3CE2299BCF2600A9ADC2 /* Assets.xcassets */; };
		3F3C3CEE299BCF2600A9ADC2 /* SpinningView.swift in Sources */ = {isa = PBXBuildFile; fileRef = 3F3C3CE3299BCF2600A9ADC2 /* SpinningView.swift */; };
/* End PBXBuildFile section */

/* Begin PBXFileReference section */
		3F3C3CC5299BCED900A9ADC2 /* Circle CI Monitor.app */ = {isa = PBXFileReference; explicitFileType = wrapper.application; includeInIndex = 0; path = "Circle CI Monitor.app"; sourceTree = BUILT_PRODUCTS_DIR; };
		3F3C3CD7299BCF2600A9ADC2 /* CircleCI_Monitor.entitlements */ = {isa = PBXFileReference; fileEncoding = 4; lastKnownFileType = text.plist.entitlements; path = CircleCI_Monitor.entitlements; sourceTree = "<group>"; };
		3F3C3CD8299BCF2600A9ADC2 /* PipelinesView.swift */ = {isa = PBXFileReference; fileEncoding = 4; lastKnownFileType = sourcecode.swift; path = PipelinesView.swift; sourceTree = "<group>"; };
		3F3C3CD9299BCF2600A9ADC2 /* PipelineView.swift */ = {isa = PBXFileReference; fileEncoding = 4; lastKnownFileType = sourcecode.swift; path = PipelineView.swift; sourceTree = "<group>"; };
		3F3C3CDA299BCF2600A9ADC2 /* WorkflowJobView.swift */ = {isa = PBXFileReference; fileEncoding = 4; lastKnownFileType = sourcecode.swift; path = WorkflowJobView.swift; sourceTree = "<group>"; };
		3F3C3CDB299BCF2600A9ADC2 /* WorkflowView.swift */ = {isa = PBXFileReference; fileEncoding = 4; lastKnownFileType = sourcecode.swift; path = WorkflowView.swift; sourceTree = "<group>"; };
		3F3C3CDC299BCF2600A9ADC2 /* CircleCI_MonitorApp.swift */ = {isa = PBXFileReference; fileEncoding = 4; lastKnownFileType = sourcecode.swift; path = CircleCI_MonitorApp.swift; sourceTree = "<group>"; };
		3F3C3CDE299BCF2600A9ADC2 /* Pipelines.swift */ = {isa = PBXFileReference; fileEncoding = 4; lastKnownFileType = sourcecode.swift; path = Pipelines.swift; sourceTree = "<group>"; };
		3F3C3CDF299BCF2600A9ADC2 /* WorkflowJobs.swift */ = {isa = PBXFileReference; fileEncoding = 4; lastKnownFileType = sourcecode.swift; path = WorkflowJobs.swift; sourceTree = "<group>"; };
		3F3C3CE0299BCF2600A9ADC2 /* API.swift */ = {isa = PBXFileReference; fileEncoding = 4; lastKnownFileType = sourcecode.swift; path = API.swift; sourceTree = "<group>"; };
		3F3C3CE1299BCF2600A9ADC2 /* Workflows.swift */ = {isa = PBXFileReference; fileEncoding = 4; lastKnownFileType = sourcecode.swift; path = Workflows.swift; sourceTree = "<group>"; };
		3F3C3CE2299BCF2600A9ADC2 /* Assets.xcassets */ = {isa = PBXFileReference; lastKnownFileType = folder.assetcatalog; path = Assets.xcassets; sourceTree = "<group>"; };
		3F3C3CE3299BCF2600A9ADC2 /* SpinningView.swift */ = {isa = PBXFileReference; fileEncoding = 4; lastKnownFileType = sourcecode.swift; path = SpinningView.swift; sourceTree = "<group>"; };
/* End PBXFileReference section */

/* Begin PBXFrameworksBuildPhase section */
		3F3C3CC2299BCED900A9ADC2 /* Frameworks */ = {
			isa = PBXFrameworksBuildPhase;
			buildActionMask = 2147483647;
			files = (
			);
			runOnlyForDeploymentPostprocessing = 0;
		};
/* End PBXFrameworksBuildPhase section */

/* Begin PBXGroup section */
		3F3C3CBC299BCED900A9ADC2 = {
			isa = PBXGroup;
			children = (
				3F3C3CC7299BCED900A9ADC2 /* Circle CI Monitor */,
				3F3C3CC6299BCED900A9ADC2 /* Products */,
			);
			sourceTree = "<group>";
		};
		3F3C3CC6299BCED900A9ADC2 /* Products */ = {
			isa = PBXGroup;
			children = (
				3F3C3CC5299BCED900A9ADC2 /* Circle CI Monitor.app */,
			);
			name = Products;
			sourceTree = "<group>";
		};
		3F3C3CC7299BCED900A9ADC2 /* Circle CI Monitor */ = {
			isa = PBXGroup;
			children = (
				3F3C3CDD299BCF2600A9ADC2 /* API */,
				3F3C3CE2299BCF2600A9ADC2 /* Assets.xcassets */,
				3F3C3CD7299BCF2600A9ADC2 /* CircleCI_Monitor.entitlements */,
				3F3C3CDC299BCF2600A9ADC2 /* CircleCI_MonitorApp.swift */,
				3F3C3CD8299BCF2600A9ADC2 /* PipelinesView.swift */,
				3F3C3CD9299BCF2600A9ADC2 /* PipelineView.swift */,
				3F3C3CE3299BCF2600A9ADC2 /* SpinningView.swift */,
				3F3C3CDA299BCF2600A9ADC2 /* WorkflowJobView.swift */,
				3F3C3CDB299BCF2600A9ADC2 /* WorkflowView.swift */,
			);
			path = "Circle CI Monitor";
			sourceTree = "<group>";
		};
		3F3C3CDD299BCF2600A9ADC2 /* API */ = {
			isa = PBXGroup;
			children = (
				3F3C3CDE299BCF2600A9ADC2 /* Pipelines.swift */,
				3F3C3CDF299BCF2600A9ADC2 /* WorkflowJobs.swift */,
				3F3C3CE0299BCF2600A9ADC2 /* API.swift */,
				3F3C3CE1299BCF2600A9ADC2 /* Workflows.swift */,
			);
			path = API;
			sourceTree = "<group>";
		};
/* End PBXGroup section */

/* Begin PBXNativeTarget section */
		3F3C3CC4299BCED900A9ADC2 /* Circle CI Monitor */ = {
			isa = PBXNativeTarget;
			buildConfigurationList = 3F3C3CD4299BCEDA00A9ADC2 /* Build configuration list for PBXNativeTarget "Circle CI Monitor" */;
			buildPhases = (
				3F3C3CC1299BCED900A9ADC2 /* Sources */,
				3F3C3CC2299BCED900A9ADC2 /* Frameworks */,
				3F3C3CC3299BCED900A9ADC2 /* Resources */,
			);
			buildRules = (
			);
			dependencies = (
			);
			name = "Circle CI Monitor";
			productName = "Circle CI Monitor";
			productReference = 3F3C3CC5299BCED900A9ADC2 /* Circle CI Monitor.app */;
			productType = "com.apple.product-type.application";
		};
/* End PBXNativeTarget section */

/* Begin PBXProject section */
		3F3C3CBD299BCED900A9ADC2 /* Project object */ = {
			isa = PBXProject;
			attributes = {
				BuildIndependentTargetsInParallel = 1;
				LastSwiftUpdateCheck = 1420;
				LastUpgradeCheck = 1420;
				TargetAttributes = {
					3F3C3CC4299BCED900A9ADC2 = {
						CreatedOnToolsVersion = 14.2;
						LastSwiftMigration = 1420;
					};
				};
			};
			buildConfigurationList = 3F3C3CC0299BCED900A9ADC2 /* Build configuration list for PBXProject "Circle CI Monitor" */;
			compatibilityVersion = "Xcode 14.0";
			developmentRegion = en;
			hasScannedForEncodings = 0;
			knownRegions = (
				en,
				Base,
			);
			mainGroup = 3F3C3CBC299BCED900A9ADC2;
			productRefGroup = 3F3C3CC6299BCED900A9ADC2 /* Products */;
			projectDirPath = "";
			projectRoot = "";
			targets = (
				3F3C3CC4299BCED900A9ADC2 /* Circle CI Monitor */,
			);
		};
/* End PBXProject section */

/* Begin PBXResourcesBuildPhase section */
		3F3C3CC3299BCED900A9ADC2 /* Resources */ = {
			isa = PBXResourcesBuildPhase;
			buildActionMask = 2147483647;
			files = (
				3F3C3CED299BCF2600A9ADC2 /* Assets.xcassets in Resources */,
			);
			runOnlyForDeploymentPostprocessing = 0;
		};
/* End PBXResourcesBuildPhase section */

/* Begin PBXSourcesBuildPhase section */
		3F3C3CC1299BCED900A9ADC2 /* Sources */ = {
			isa = PBXSourcesBuildPhase;
			buildActionMask = 2147483647;
			files = (
				3F3C3CEA299BCF2600A9ADC2 /* WorkflowJobs.swift in Sources */,
				3F3C3CE8299BCF2600A9ADC2 /* CircleCI_MonitorApp.swift in Sources */,
				3F3C3CEE299BCF2600A9ADC2 /* SpinningView.swift in Sources */,
				3F3C3CE5299BCF2600A9ADC2 /* PipelineView.swift in Sources */,
				3F3C3CEC299BCF2600A9ADC2 /* Workflows.swift in Sources */,
				3F3C3CE6299BCF2600A9ADC2 /* WorkflowJobView.swift in Sources */,
				3F3C3CE4299BCF2600A9ADC2 /* PipelinesView.swift in Sources */,
				3F3C3CE7299BCF2600A9ADC2 /* WorkflowView.swift in Sources */,
				3F3C3CEB299BCF2600A9ADC2 /* API.swift in Sources */,
				3F3C3CE9299BCF2600A9ADC2 /* Pipelines.swift in Sources */,
			);
			runOnlyForDeploymentPostprocessing = 0;
		};
/* End PBXSourcesBuildPhase section */

/* Begin XCBuildConfiguration section */
		3F3C3CD2299BCEDA00A9ADC2 /* Debug */ = {
			isa = XCBuildConfiguration;
			buildSettings = {
				ALWAYS_SEARCH_USER_PATHS = NO;
				CLANG_ANALYZER_NONNULL = YES;
				CLANG_ANALYZER_NUMBER_OBJECT_CONVERSION = YES_AGGRESSIVE;
				CLANG_CXX_LANGUAGE_STANDARD = "gnu++20";
				CLANG_ENABLE_MODULES = YES;
				CLANG_ENABLE_OBJC_ARC = YES;
				CLANG_ENABLE_OBJC_WEAK = YES;
				CLANG_WARN_BLOCK_CAPTURE_AUTORELEASING = YES;
				CLANG_WARN_BOOL_CONVERSION = YES;
				CLANG_WARN_COMMA = YES;
				CLANG_WARN_CONSTANT_CONVERSION = YES;
				CLANG_WARN_DEPRECATED_OBJC_IMPLEMENTATIONS = YES;
				CLANG_WARN_DIRECT_OBJC_ISA_USAGE = YES_ERROR;
				CLANG_WARN_DOCUMENTATION_COMMENTS = YES;
				CLANG_WARN_EMPTY_BODY = YES;
				CLANG_WARN_ENUM_CONVERSION = YES;
				CLANG_WARN_INFINITE_RECURSION = YES;
				CLANG_WARN_INT_CONVERSION = YES;
				CLANG_WARN_NON_LITERAL_NULL_CONVERSION = YES;
				CLANG_WARN_OBJC_IMPLICIT_RETAIN_SELF = YES;
				CLANG_WARN_OBJC_LITERAL_CONVERSION = YES;
				CLANG_WARN_OBJC_ROOT_CLASS = YES_ERROR;
				CLANG_WARN_QUOTED_INCLUDE_IN_FRAMEWORK_HEADER = YES;
				CLANG_WARN_RANGE_LOOP_ANALYSIS = YES;
				CLANG_WARN_STRICT_PROTOTYPES = YES;
				CLANG_WARN_SUSPICIOUS_MOVE = YES;
				CLANG_WARN_UNGUARDED_AVAILABILITY = YES_AGGRESSIVE;
				CLANG_WARN_UNREACHABLE_CODE = YES;
				CLANG_WARN__DUPLICATE_METHOD_MATCH = YES;
				COPY_PHASE_STRIP = NO;
				DEBUG_INFORMATION_FORMAT = dwarf;
				ENABLE_STRICT_OBJC_MSGSEND = YES;
				ENABLE_TESTABILITY = YES;
				GCC_C_LANGUAGE_STANDARD = gnu11;
				GCC_DYNAMIC_NO_PIC = NO;
				GCC_NO_COMMON_BLOCKS = YES;
				GCC_OPTIMIZATION_LEVEL = 0;
				GCC_PREPROCESSOR_DEFINITIONS = (
					"DEBUG=1",
					"$(inherited)",
				);
				GCC_WARN_64_TO_32_BIT_CONVERSION = YES;
				GCC_WARN_ABOUT_RETURN_TYPE = YES_ERROR;
				GCC_WARN_UNDECLARED_SELECTOR = YES;
				GCC_WARN_UNINITIALIZED_AUTOS = YES_AGGRESSIVE;
				GCC_WARN_UNUSED_FUNCTION = YES;
				GCC_WARN_UNUSED_VARIABLE = YES;
				MACOSX_DEPLOYMENT_TARGET = 13.1;
				MTL_ENABLE_DEBUG_INFO = INCLUDE_SOURCE;
				MTL_FAST_MATH = YES;
				ONLY_ACTIVE_ARCH = YES;
				SDKROOT = macosx;
				SWIFT_ACTIVE_COMPILATION_CONDITIONS = DEBUG;
				SWIFT_OPTIMIZATION_LEVEL = "-Onone";
			};
			name = Debug;
		};
		3F3C3CD3299BCEDA00A9ADC2 /* Release */ = {
			isa = XCBuildConfiguration;
			buildSettings = {
				ALWAYS_SEARCH_USER_PATHS = NO;
				CLANG_ANALYZER_NONNULL = YES;
				CLANG_ANALYZER_NUMBER_OBJECT_CONVERSION = YES_AGGRESSIVE;
				CLANG_CXX_LANGUAGE_STANDARD = "gnu++20";
				CLANG_ENABLE_MODULES = YES;
				CLANG_ENABLE_OBJC_ARC = YES;
				CLANG_ENABLE_OBJC_WEAK = YES;
				CLANG_WARN_BLOCK_CAPTURE_AUTORELEASING = YES;
				CLANG_WARN_BOOL_CONVERSION = YES;
				CLANG_WARN_COMMA = YES;
				CLANG_WARN_CONSTANT_CONVERSION = YES;
				CLANG_WARN_DEPRECATED_OBJC_IMPLEMENTATIONS = YES;
				CLANG_WARN_DIRECT_OBJC_ISA_USAGE = YES_ERROR;
				CLANG_WARN_DOCUMENTATION_COMMENTS = YES;
				CLANG_WARN_EMPTY_BODY = YES;
				CLANG_WARN_ENUM_CONVERSION = YES;
				CLANG_WARN_INFINITE_RECURSION = YES;
				CLANG_WARN_INT_CONVERSION = YES;
				CLANG_WARN_NON_LITERAL_NULL_CONVERSION = YES;
				CLANG_WARN_OBJC_IMPLICIT_RETAIN_SELF = YES;
				CLANG_WARN_OBJC_LITERAL_CONVERSION = YES;
				CLANG_WARN_OBJC_ROOT_CLASS = YES_ERROR;
				CLANG_WARN_QUOTED_INCLUDE_IN_FRAMEWORK_HEADER = YES;
				CLANG_WARN_RANGE_LOOP_ANALYSIS = YES;
				CLANG_WARN_STRICT_PROTOTYPES = YES;
				CLANG_WARN_SUSPICIOUS_MOVE = YES;
				CLANG_WARN_UNGUARDED_AVAILABILITY = YES_AGGRESSIVE;
				CLANG_WARN_UNREACHABLE_CODE = YES;
				CLANG_WARN__DUPLICATE_METHOD_MATCH = YES;
				COPY_PHASE_STRIP = NO;
				DEBUG_INFORMATION_FORMAT = "dwarf-with-dsym";
				ENABLE_NS_ASSERTIONS = NO;
				ENABLE_STRICT_OBJC_MSGSEND = YES;
				GCC_C_LANGUAGE_STANDARD = gnu11;
				GCC_NO_COMMON_BLOCKS = YES;
				GCC_WARN_64_TO_32_BIT_CONVERSION = YES;
				GCC_WARN_ABOUT_RETURN_TYPE = YES_ERROR;
				GCC_WARN_UNDECLARED_SELECTOR = YES;
				GCC_WARN_UNINITIALIZED_AUTOS = YES_AGGRESSIVE;
				GCC_WARN_UNUSED_FUNCTION = YES;
				GCC_WARN_UNUSED_VARIABLE = YES;
				MACOSX_DEPLOYMENT_TARGET = 13.1;
				MTL_ENABLE_DEBUG_INFO = NO;
				MTL_FAST_MATH = YES;
				SDKROOT = macosx;
				SWIFT_COMPILATION_MODE = wholemodule;
				SWIFT_OPTIMIZATION_LEVEL = "-O";
			};
			name = Release;
		};
		3F3C3CD5299BCEDA00A9ADC2 /* Debug */ = {
			isa = XCBuildConfiguration;
			buildSettings = {
				ASSETCATALOG_COMPILER_APPICON_NAME = AppIcon;
				ASSETCATALOG_COMPILER_GLOBAL_ACCENT_COLOR_NAME = AccentColor;
				CLANG_ENABLE_MODULES = YES;
				CODE_SIGN_ENTITLEMENTS = "Circle CI Monitor/CircleCI_Monitor.entitlements";
				CODE_SIGN_STYLE = Automatic;
				COMBINE_HIDPI_IMAGES = YES;
				CURRENT_PROJECT_VERSION = 2;
				DEVELOPMENT_ASSET_PATHS = "\"Circle CI Monitor/Preview Content\"";
				DEVELOPMENT_TEAM = D34M4H3P2P;
				ENABLE_HARDENED_RUNTIME = YES;
				ENABLE_PREVIEWS = YES;
				GENERATE_INFOPLIST_FILE = YES;
				INFOPLIST_KEY_NSHumanReadableCopyright = "";
				LD_RUNPATH_SEARCH_PATHS = (
					"$(inherited)",
					"@executable_path/../Frameworks",
				);
				MARKETING_VERSION = 1.0.1;
				PRODUCT_BUNDLE_IDENTIFIER = "com.stitchfix.Circle-CI-Monitor";
				PRODUCT_NAME = "$(TARGET_NAME)";
				SWIFT_EMIT_LOC_STRINGS = YES;
				SWIFT_OPTIMIZATION_LEVEL = "-Onone";
				SWIFT_VERSION = 5.0;
			};
			name = Debug;
		};
		3F3C3CD6299BCEDA00A9ADC2 /* Release */ = {
			isa = XCBuildConfiguration;
			buildSettings = {
				ASSETCATALOG_COMPILER_APPICON_NAME = AppIcon;
				ASSETCATALOG_COMPILER_GLOBAL_ACCENT_COLOR_NAME = AccentColor;
				CLANG_ENABLE_MODULES = YES;
				CODE_SIGN_ENTITLEMENTS = "Circle CI Monitor/CircleCI_Monitor.entitlements";
				CODE_SIGN_STYLE = Automatic;
				COMBINE_HIDPI_IMAGES = YES;
				CURRENT_PROJECT_VERSION = 2;
				DEVELOPMENT_ASSET_PATHS = "\"Circle CI Monitor/Preview Content\"";
				DEVELOPMENT_TEAM = D34M4H3P2P;
				ENABLE_HARDENED_RUNTIME = YES;
				ENABLE_PREVIEWS = YES;
				GENERATE_INFOPLIST_FILE = YES;
				INFOPLIST_KEY_NSHumanReadableCopyright = "";
				LD_RUNPATH_SEARCH_PATHS = (
					"$(inherited)",
					"@executable_path/../Frameworks",
				);
				MARKETING_VERSION = 1.0.1;
				PRODUCT_BUNDLE_IDENTIFIER = "com.stitchfix.Circle-CI-Monitor";
				PRODUCT_NAME = "$(TARGET_NAME)";
				SWIFT_EMIT_LOC_STRINGS = YES;
				SWIFT_VERSION = 5.0;
			};
			name = Release;
		};
/* End XCBuildConfiguration section */

/* Begin XCConfigurationList section */
		3F3C3CC0299BCED900A9ADC2 /* Build configuration list for PBXProject "Circle CI Monitor" */ = {
			isa = XCConfigurationList;
			buildConfigurations = (
				3F3C3CD2299BCEDA00A9ADC2 /* Debug */,
				3F3C3CD3299BCEDA00A9ADC2 /* Release */,
			);
			defaultConfigurationIsVisible = 0;
			defaultConfigurationName = Release;
		};
		3F3C3CD4299BCEDA00A9ADC2 /* Build configuration list for PBXNativeTarget "Circle CI Monitor" */ = {
			isa = XCConfigurationList;
			buildConfigurations = (
				3F3C3CD5299BCEDA00A9ADC2 /* Debug */,
				3F3C3CD6299BCEDA00A9ADC2 /* Release */,
			);
			defaultConfigurationIsVisible = 0;
			defaultConfigurationName = Release;
		};
/* End XCConfigurationList section */
	};
	rootObject = 3F3C3CBD299BCED900A9ADC2 /* Project object */;
}
